
Microsoft Visual Studio Solution File, Format Version 12.00
# Visual Studio Version 16
VisualStudioVersion = 16.0.31829.152
MinimumVisualStudioVersion = 10.0.40219.1
Project("{9A19103F-16F7-4668-BE54-9A1E7A4F7556}") = "LegoQuality", "LegoQuality\LegoQuality.csproj", "{2E05F960-B786-459E-AACF-FE688DBBA29D}"
EndProject
Project("{9A19103F-16F7-4668-BE54-9A1E7A4F7556}") = "LegoQualityTDD", "LegoQualityTDD\LegoQualityTDD.csproj", "{CA2E2591-A8D5-4BFB-99F0-4E25FEB78152}"
EndProject
Project("{FAE04EC0-301F-11D3-BF4B-00C04F79EFBC}") = "Tests", "Tests\Tests.csproj", "{00306A0F-6BEB-4E0D-9CBB-C45A5FBB0F80}"
EndProject
Global
	GlobalSection(SolutionConfigurationPlatforms) = preSolution
		Debug|Any CPU = Debug|Any CPU
		Release|Any CPU = Release|Any CPU
	EndGlobalSection
	GlobalSection(ProjectConfigurationPlatforms) = postSolution
		{2E05F960-B786-459E-AACF-FE688DBBA29D}.Debug|Any CPU.ActiveCfg = Debug|Any CPU
		{2E05F960-B786-459E-AACF-FE688DBBA29D}.Debug|Any CPU.Build.0 = Debug|Any CPU
		{2E05F960-B786-459E-AACF-FE688DBBA29D}.Release|Any CPU.ActiveCfg = Release|Any CPU
		{2E05F960-B786-459E-AACF-FE688DBBA29D}.Release|Any CPU.Build.0 = Release|Any CPU
		{CA2E2591-A8D5-4BFB-99F0-4E25FEB78152}.Debug|Any CPU.ActiveCfg = Debug|Any CPU
		{CA2E2591-A8D5-4BFB-99F0-4E25FEB78152}.Debug|Any CPU.Build.0 = Debug|Any CPU
		{CA2E2591-A8D5-4BFB-99F0-4E25FEB78152}.Release|Any CPU.ActiveCfg = Release|Any CPU
		{CA2E2591-A8D5-4BFB-99F0-4E25FEB78152}.Release|Any CPU.Build.0 = Release|Any CPU
		{00306A0F-6BEB-4E0D-9CBB-C45A5FBB0F80}.Debug|Any CPU.ActiveCfg = Debug|Any CPU
		{00306A0F-6BEB-4E0D-9CBB-C45A5FBB0F80}.Debug|Any CPU.Build.0 = Debug|Any CPU
		{00306A0F-6BEB-4E0D-9CBB-C45A5FBB0F80}.Release|Any CPU.ActiveCfg = Release|Any CPU
		{00306A0F-6BEB-4E0D-9CBB-C45A5FBB0F80}.Release|Any CPU.Build.0 = Release|Any CPU
	EndGlobalSection
	GlobalSection(SolutionProperties) = preSolution
		HideSolutionNode = FALSE
	EndGlobalSection
	GlobalSection(ExtensibilityGlobals) = postSolution
		SolutionGuid = {25DDBF23-2FEE-4AD4-A080-941EC437ACD9}
	EndGlobalSection
EndGlobal
